// !$*UTF8*$!
{
	archiveVersion = 1;
	classes = {
	};
	objectVersion = 50;
	objects = {

/* Begin PBXBuildFile section */
		304977A92082B030001491C7 /* LocationManager.swift in Sources */ = {isa = PBXBuildFile; fileRef = 304977A82082B030001491C7 /* LocationManager.swift */; };
		304977AC2082B1A0001491C7 /* MapKit.framework in Frameworks */ = {isa = PBXBuildFile; fileRef = 304977AB2082B1A0001491C7 /* MapKit.framework */; };
		304977AE2082B375001491C7 /* WeatherManager.swift in Sources */ = {isa = PBXBuildFile; fileRef = 304977AD2082B375001491C7 /* WeatherManager.swift */; };
		304977B02082B633001491C7 /* Settings.swift in Sources */ = {isa = PBXBuildFile; fileRef = 304977AF2082B633001491C7 /* Settings.swift */; };
		304977B2208327DD001491C7 /* Weather.swift in Sources */ = {isa = PBXBuildFile; fileRef = 304977B1208327DD001491C7 /* Weather.swift */; };
		30F15BAE2081194C00B56BE0 /* AppDelegate.swift in Sources */ = {isa = PBXBuildFile; fileRef = 30F15BAD2081194C00B56BE0 /* AppDelegate.swift */; };
		30F15BB02081194C00B56BE0 /* ViewController.swift in Sources */ = {isa = PBXBuildFile; fileRef = 30F15BAF2081194C00B56BE0 /* ViewController.swift */; };
		30F15BB32081194C00B56BE0 /* Main.storyboard in Resources */ = {isa = PBXBuildFile; fileRef = 30F15BB12081194C00B56BE0 /* Main.storyboard */; };
		30F15BB52081194D00B56BE0 /* Assets.xcassets in Resources */ = {isa = PBXBuildFile; fileRef = 30F15BB42081194D00B56BE0 /* Assets.xcassets */; };
		30F15BB82081194D00B56BE0 /* LaunchScreen.storyboard in Resources */ = {isa = PBXBuildFile; fileRef = 30F15BB62081194D00B56BE0 /* LaunchScreen.storyboard */; };
		66BAE76722CE52E4397A5CF5 /* Pods_Weather.framework in Frameworks */ = {isa = PBXBuildFile; fileRef = 64F09D1622BCEEA47EA197DB /* Pods_Weather.framework */; };
/* End PBXBuildFile section */

/* Begin PBXFileReference section */
		034A932AB50BA788AA5989F9 /* Pods-Weather.debug.xcconfig */ = {isa = PBXFileReference; includeInIndex = 1; lastKnownFileType = text.xcconfig; name = "Pods-Weather.debug.xcconfig"; path = "Pods/Target Support Files/Pods-Weather/Pods-Weather.debug.xcconfig"; sourceTree = "<group>"; };
		304977A82082B030001491C7 /* LocationManager.swift */ = {isa = PBXFileReference; lastKnownFileType = sourcecode.swift; path = LocationManager.swift; sourceTree = "<group>"; };
		304977AB2082B1A0001491C7 /* MapKit.framework */ = {isa = PBXFileReference; lastKnownFileType = wrapper.framework; name = MapKit.framework; path = System/Library/Frameworks/MapKit.framework; sourceTree = SDKROOT; };
		304977AD2082B375001491C7 /* WeatherManager.swift */ = {isa = PBXFileReference; lastKnownFileType = sourcecode.swift; path = WeatherManager.swift; sourceTree = "<group>"; };
		304977AF2082B633001491C7 /* Settings.swift */ = {isa = PBXFileReference; lastKnownFileType = sourcecode.swift; path = Settings.swift; sourceTree = "<group>"; };
		304977B1208327DD001491C7 /* Weather.swift */ = {isa = PBXFileReference; lastKnownFileType = sourcecode.swift; path = Weather.swift; sourceTree = "<group>"; };
		30F15BAA2081194C00B56BE0 /* Weather.app */ = {isa = PBXFileReference; explicitFileType = wrapper.application; includeInIndex = 0; path = Weather.app; sourceTree = BUILT_PRODUCTS_DIR; };
		30F15BAD2081194C00B56BE0 /* AppDelegate.swift */ = {isa = PBXFileReference; lastKnownFileType = sourcecode.swift; path = AppDelegate.swift; sourceTree = "<group>"; };
		30F15BAF2081194C00B56BE0 /* ViewController.swift */ = {isa = PBXFileReference; lastKnownFileType = sourcecode.swift; path = ViewController.swift; sourceTree = "<group>"; };
		30F15BB22081194C00B56BE0 /* Base */ = {isa = PBXFileReference; lastKnownFileType = file.storyboard; name = Base; path = Base.lproj/Main.storyboard; sourceTree = "<group>"; };
		30F15BB42081194D00B56BE0 /* Assets.xcassets */ = {isa = PBXFileReference; lastKnownFileType = folder.assetcatalog; path = Assets.xcassets; sourceTree = "<group>"; };
		30F15BB72081194D00B56BE0 /* Base */ = {isa = PBXFileReference; lastKnownFileType = file.storyboard; name = Base; path = Base.lproj/LaunchScreen.storyboard; sourceTree = "<group>"; };
		30F15BB92081194D00B56BE0 /* Info.plist */ = {isa = PBXFileReference; lastKnownFileType = text.plist.xml; path = Info.plist; sourceTree = "<group>"; };
		64F09D1622BCEEA47EA197DB /* Pods_Weather.framework */ = {isa = PBXFileReference; explicitFileType = wrapper.framework; includeInIndex = 0; path = Pods_Weather.framework; sourceTree = BUILT_PRODUCTS_DIR; };
		A738ACB9BE7FE529099B00F9 /* Pods-Weather.release.xcconfig */ = {isa = PBXFileReference; includeInIndex = 1; lastKnownFileType = text.xcconfig; name = "Pods-Weather.release.xcconfig"; path = "Pods/Target Support Files/Pods-Weather/Pods-Weather.release.xcconfig"; sourceTree = "<group>"; };
/* End PBXFileReference section */

/* Begin PBXFrameworksBuildPhase section */
		30F15BA72081194C00B56BE0 /* Frameworks */ = {
			isa = PBXFrameworksBuildPhase;
			buildActionMask = 2147483647;
			files = (
				304977AC2082B1A0001491C7 /* MapKit.framework in Frameworks */,
				66BAE76722CE52E4397A5CF5 /* Pods_Weather.framework in Frameworks */,
			);
			runOnlyForDeploymentPostprocessing = 0;
		};
/* End PBXFrameworksBuildPhase section */

/* Begin PBXGroup section */
		304977AA2082B1A0001491C7 /* Frameworks */ = {
			isa = PBXGroup;
			children = (
				304977AB2082B1A0001491C7 /* MapKit.framework */,
				64F09D1622BCEEA47EA197DB /* Pods_Weather.framework */,
			);
			name = Frameworks;
			sourceTree = "<group>";
		};
		30F15BA12081194C00B56BE0 = {
			isa = PBXGroup;
			children = (
				30F15BAC2081194C00B56BE0 /* Weather */,
				30F15BAB2081194C00B56BE0 /* Products */,
				304977AA2082B1A0001491C7 /* Frameworks */,
				F3F661B0626B97424A8D0E74 /* Pods */,
			);
			sourceTree = "<group>";
		};
		30F15BAB2081194C00B56BE0 /* Products */ = {
			isa = PBXGroup;
			children = (
				30F15BAA2081194C00B56BE0 /* Weather.app */,
			);
			name = Products;
			sourceTree = "<group>";
		};
		30F15BAC2081194C00B56BE0 /* Weather */ = {
			isa = PBXGroup;
			children = (
				30F15BAD2081194C00B56BE0 /* AppDelegate.swift */,
				30F15BAF2081194C00B56BE0 /* ViewController.swift */,
				30F15BB12081194C00B56BE0 /* Main.storyboard */,
				30F15BB42081194D00B56BE0 /* Assets.xcassets */,
				30F15BB62081194D00B56BE0 /* LaunchScreen.storyboard */,
				30F15BB92081194D00B56BE0 /* Info.plist */,
				304977A82082B030001491C7 /* LocationManager.swift */,
				304977AD2082B375001491C7 /* WeatherManager.swift */,
				304977B1208327DD001491C7 /* Weather.swift */,
				304977AF2082B633001491C7 /* Settings.swift */,
			);
			path = Weather;
			sourceTree = "<group>";
		};
		F3F661B0626B97424A8D0E74 /* Pods */ = {
			isa = PBXGroup;
			children = (
				034A932AB50BA788AA5989F9 /* Pods-Weather.debug.xcconfig */,
				A738ACB9BE7FE529099B00F9 /* Pods-Weather.release.xcconfig */,
			);
			name = Pods;
			sourceTree = "<group>";
		};
/* End PBXGroup section */

/* Begin PBXNativeTarget section */
		30F15BA92081194C00B56BE0 /* Weather */ = {
			isa = PBXNativeTarget;
			buildConfigurationList = 30F15BBC2081194D00B56BE0 /* Build configuration list for PBXNativeTarget "Weather" */;
			buildPhases = (
				A2CE4CBD3BF0093E4074EC6F /* [CP] Check Pods Manifest.lock */,
				30F15BA62081194C00B56BE0 /* Sources */,
				30F15BA72081194C00B56BE0 /* Frameworks */,
				30F15BA82081194C00B56BE0 /* Resources */,
				AAB6A4C4DB3668BF882DC359 /* [CP] Embed Pods Frameworks */,
				FFA497D68EFA9D28BAED4576 /* [CP] Copy Pods Resources */,
			);
			buildRules = (
			);
			dependencies = (
			);
			name = Weather;
			productName = Weather;
			productReference = 30F15BAA2081194C00B56BE0 /* Weather.app */;
			productType = "com.apple.product-type.application";
		};
/* End PBXNativeTarget section */

/* Begin PBXProject section */
		30F15BA22081194C00B56BE0 /* Project object */ = {
			isa = PBXProject;
			attributes = {
				LastSwiftUpdateCheck = 0930;
				LastUpgradeCheck = 0930;
				ORGANIZATIONNAME = "sheen vempeny";
				TargetAttributes = {
					30F15BA92081194C00B56BE0 = {
						CreatedOnToolsVersion = 9.3;
					};
				};
			};
			buildConfigurationList = 30F15BA52081194C00B56BE0 /* Build configuration list for PBXProject "Weather" */;
			compatibilityVersion = "Xcode 9.3";
			developmentRegion = en;
			hasScannedForEncodings = 0;
			knownRegions = (
				en,
				Base,
			);
			mainGroup = 30F15BA12081194C00B56BE0;
			productRefGroup = 30F15BAB2081194C00B56BE0 /* Products */;
			projectDirPath = "";
			projectRoot = "";
			targets = (
				30F15BA92081194C00B56BE0 /* Weather */,
			);
		};
/* End PBXProject section */

/* Begin PBXResourcesBuildPhase section */
		30F15BA82081194C00B56BE0 /* Resources */ = {
			isa = PBXResourcesBuildPhase;
			buildActionMask = 2147483647;
			files = (
				30F15BB82081194D00B56BE0 /* LaunchScreen.storyboard in Resources */,
				30F15BB52081194D00B56BE0 /* Assets.xcassets in Resources */,
				30F15BB32081194C00B56BE0 /* Main.storyboard in Resources */,
			);
			runOnlyForDeploymentPostprocessing = 0;
		};
/* End PBXResourcesBuildPhase section */

/* Begin PBXShellScriptBuildPhase section */
		A2CE4CBD3BF0093E4074EC6F /* [CP] Check Pods Manifest.lock */ = {
			isa = PBXShellScriptBuildPhase;
			buildActionMask = 2147483647;
			files = (
			);
			inputPaths = (
				"${PODS_PODFILE_DIR_PATH}/Podfile.lock",
				"${PODS_ROOT}/Manifest.lock",
			);
			name = "[CP] Check Pods Manifest.lock";
			outputPaths = (
				"$(DERIVED_FILE_DIR)/Pods-Weather-checkManifestLockResult.txt",
			);
			runOnlyForDeploymentPostprocessing = 0;
			shellPath = /bin/sh;
			shellScript = "diff \"${PODS_PODFILE_DIR_PATH}/Podfile.lock\" \"${PODS_ROOT}/Manifest.lock\" > /dev/null\nif [ $? != 0 ] ; then\n    # print error to STDERR\n    echo \"error: The sandbox is not in sync with the Podfile.lock. Run 'pod install' or update your CocoaPods installation.\" >&2\n    exit 1\nfi\n# This output is used by Xcode 'outputs' to avoid re-running this script phase.\necho \"SUCCESS\" > \"${SCRIPT_OUTPUT_FILE_0}\"\n";
			showEnvVarsInLog = 0;
		};
		AAB6A4C4DB3668BF882DC359 /* [CP] Embed Pods Frameworks */ = {
			isa = PBXShellScriptBuildPhase;
			buildActionMask = 2147483647;
			files = (
			);
			inputPaths = (
				"${SRCROOT}/Pods/Target Support Files/Pods-Weather/Pods-Weather-frameworks.sh",
				"${BUILT_PRODUCTS_DIR}/Alamofire/Alamofire.framework",
				"${BUILT_PRODUCTS_DIR}/SDWebImage/SDWebImage.framework",
			);
			name = "[CP] Embed Pods Frameworks";
			outputPaths = (
				"${TARGET_BUILD_DIR}/${FRAMEWORKS_FOLDER_PATH}/Alamofire.framework",
				"${TARGET_BUILD_DIR}/${FRAMEWORKS_FOLDER_PATH}/SDWebImage.framework",
			);
			runOnlyForDeploymentPostprocessing = 0;
			shellPath = /bin/sh;
			shellScript = "\"${SRCROOT}/Pods/Target Support Files/Pods-Weather/Pods-Weather-frameworks.sh\"\n";
			showEnvVarsInLog = 0;
		};
		FFA497D68EFA9D28BAED4576 /* [CP] Copy Pods Resources */ = {
			isa = PBXShellScriptBuildPhase;
			buildActionMask = 2147483647;
			files = (
			);
			inputPaths = (
			);
			name = "[CP] Copy Pods Resources";
			outputPaths = (
			);
			runOnlyForDeploymentPostprocessing = 0;
			shellPath = /bin/sh;
			shellScript = "\"${SRCROOT}/Pods/Target Support Files/Pods-Weather/Pods-Weather-resources.sh\"\n";
			showEnvVarsInLog = 0;
		};
/* End PBXShellScriptBuildPhase section */

/* Begin PBXSourcesBuildPhase section */
		30F15BA62081194C00B56BE0 /* Sources */ = {
			isa = PBXSourcesBuildPhase;
			buildActionMask = 2147483647;
			files = (
				30F15BB02081194C00B56BE0 /* ViewController.swift in Sources */,
				30F15BAE2081194C00B56BE0 /* AppDelegate.swift in Sources */,
				304977AE2082B375001491C7 /* WeatherManager.swift in Sources */,
				304977A92082B030001491C7 /* LocationManager.swift in Sources */,
				304977B2208327DD001491C7 /* Weather.swift in Sources */,
				304977B02082B633001491C7 /* Settings.swift in Sources */,
			);
			runOnlyForDeploymentPostprocessing = 0;
		};
/* End PBXSourcesBuildPhase section */

/* Begin PBXVariantGroup section */
		30F15BB12081194C00B56BE0 /* Main.storyboard */ = {
			isa = PBXVariantGroup;
			children = (
				30F15BB22081194C00B56BE0 /* Base */,
			);
			name = Main.storyboard;
			sourceTree = "<group>";
		};
		30F15BB62081194D00B56BE0 /* LaunchScreen.storyboard */ = {
			isa = PBXVariantGroup;
			children = (
				30F15BB72081194D00B56BE0 /* Base */,
			);
			name = LaunchScreen.storyboard;
			sourceTree = "<group>";
		};
/* End PBXVariantGroup section */

/* Begin XCBuildConfiguration section */
		30F15BBA2081194D00B56BE0 /* Debug */ = {
			isa = XCBuildConfiguration;
			buildSettings = {
				ALWAYS_SEARCH_USER_PATHS = NO;
				CLANG_ANALYZER_NONNULL = YES;
				CLANG_ANALYZER_NUMBER_OBJECT_CONVERSION = YES_AGGRESSIVE;
				CLANG_CXX_LANGUAGE_STANDARD = "gnu++14";
				CLANG_CXX_LIBRARY = "libc++";
				CLANG_ENABLE_MODULES = YES;
				CLANG_ENABLE_OBJC_ARC = YES;
				CLANG_ENABLE_OBJC_WEAK = YES;
				CLANG_WARN_BLOCK_CAPTURE_AUTORELEASING = YES;
				CLANG_WARN_BOOL_CONVERSION = YES;
				CLANG_WARN_COMMA = YES;
				CLANG_WARN_CONSTANT_CONVERSION = YES;
				CLANG_WARN_DEPRECATED_OBJC_IMPLEMENTATIONS = YES;
				CLANG_WARN_DIRECT_OBJC_ISA_USAGE = YES_ERROR;
				CLANG_WARN_DOCUMENTATION_COMMENTS = YES;
				CLANG_WARN_EMPTY_BODY = YES;
				CLANG_WARN_ENUM_CONVERSION = YES;
				CLANG_WARN_INFINITE_RECURSION = YES;
				CLANG_WARN_INT_CONVERSION = YES;
				CLANG_WARN_NON_LITERAL_NULL_CONVERSION = YES;
				CLANG_WARN_OBJC_IMPLICIT_RETAIN_SELF = YES;
				CLANG_WARN_OBJC_LITERAL_CONVERSION = YES;
				CLANG_WARN_OBJC_ROOT_CLASS = YES_ERROR;
				CLANG_WARN_RANGE_LOOP_ANALYSIS = YES;
				CLANG_WARN_STRICT_PROTOTYPES = YES;
				CLANG_WARN_SUSPICIOUS_MOVE = YES;
				CLANG_WARN_UNGUARDED_AVAILABILITY = YES_AGGRESSIVE;
				CLANG_WARN_UNREACHABLE_CODE = YES;
				CLANG_WARN__DUPLICATE_METHOD_MATCH = YES;
				CODE_SIGN_IDENTITY = "iPhone Developer";
				COPY_PHASE_STRIP = NO;
				DEBUG_INFORMATION_FORMAT = dwarf;
				ENABLE_STRICT_OBJC_MSGSEND = YES;
				ENABLE_TESTABILITY = YES;
				GCC_C_LANGUAGE_STANDARD = gnu11;
				GCC_DYNAMIC_NO_PIC = NO;
				GCC_NO_COMMON_BLOCKS = YES;
				GCC_OPTIMIZATION_LEVEL = 0;
				GCC_PREPROCESSOR_DEFINITIONS = (
					"DEBUG=1",
					"$(inherited)",
				);
				GCC_WARN_64_TO_32_BIT_CONVERSION = YES;
				GCC_WARN_ABOUT_RETURN_TYPE = YES_ERROR;
				GCC_WARN_UNDECLARED_SELECTOR = YES;
				GCC_WARN_UNINITIALIZED_AUTOS = YES_AGGRESSIVE;
				GCC_WARN_UNUSED_FUNCTION = YES;
				GCC_WARN_UNUSED_VARIABLE = YES;
				IPHONEOS_DEPLOYMENT_TARGET = 11.3;
				MTL_ENABLE_DEBUG_INFO = YES;
				ONLY_ACTIVE_ARCH = YES;
				SDKROOT = iphoneos;
				SWIFT_ACTIVE_COMPILATION_CONDITIONS = DEBUG;
				SWIFT_OPTIMIZATION_LEVEL = "-Onone";
			};
			name = Debug;
		};
		30F15BBB2081194D00B56BE0 /* Release */ = {
			isa = XCBuildConfiguration;
			buildSettings = {
				ALWAYS_SEARCH_USER_PATHS = NO;
				CLANG_ANALYZER_NONNULL = YES;
				CLANG_ANALYZER_NUMBER_OBJECT_CONVERSION = YES_AGGRESSIVE;
				CLANG_CXX_LANGUAGE_STANDARD = "gnu++14";
				CLANG_CXX_LIBRARY = "libc++";
				CLANG_ENABLE_MODULES = YES;
				CLANG_ENABLE_OBJC_ARC = YES;
				CLANG_ENABLE_OBJC_WEAK = YES;
				CLANG_WARN_BLOCK_CAPTURE_AUTORELEASING = YES;
				CLANG_WARN_BOOL_CONVERSION = YES;
				CLANG_WARN_COMMA = YES;
				CLANG_WARN_CONSTANT_CONVERSION = YES;
				CLANG_WARN_DEPRECATED_OBJC_IMPLEMENTATIONS = YES;
				CLANG_WARN_DIRECT_OBJC_ISA_USAGE = YES_ERROR;
				CLANG_WARN_DOCUMENTATION_COMMENTS = YES;
				CLANG_WARN_EMPTY_BODY = YES;
				CLANG_WARN_ENUM_CONVERSION = YES;
				CLANG_WARN_INFINITE_RECURSION = YES;
				CLANG_WARN_INT_CONVERSION = YES;
				CLANG_WARN_NON_LITERAL_NULL_CONVERSION = YES;
				CLANG_WARN_OBJC_IMPLICIT_RETAIN_SELF = YES;
				CLANG_WARN_OBJC_LITERAL_CONVERSION = YES;
				CLANG_WARN_OBJC_ROOT_CLASS = YES_ERROR;
				CLANG_WARN_RANGE_LOOP_ANALYSIS = YES;
				CLANG_WARN_STRICT_PROTOTYPES = YES;
				CLANG_WARN_SUSPICIOUS_MOVE = YES;
				CLANG_WARN_UNGUARDED_AVAILABILITY = YES_AGGRESSIVE;
				CLANG_WARN_UNREACHABLE_CODE = YES;
				CLANG_WARN__DUPLICATE_METHOD_MATCH = YES;
				CODE_SIGN_IDENTITY = "iPhone Developer";
				COPY_PHASE_STRIP = NO;
				DEBUG_INFORMATION_FORMAT = "dwarf-with-dsym";
				ENABLE_NS_ASSERTIONS = NO;
				ENABLE_STRICT_OBJC_MSGSEND = YES;
				GCC_C_LANGUAGE_STANDARD = gnu11;
				GCC_NO_COMMON_BLOCKS = YES;
				GCC_WARN_64_TO_32_BIT_CONVERSION = YES;
				GCC_WARN_ABOUT_RETURN_TYPE = YES_ERROR;
				GCC_WARN_UNDECLARED_SELECTOR = YES;
				GCC_WARN_UNINITIALIZED_AUTOS = YES_AGGRESSIVE;
				GCC_WARN_UNUSED_FUNCTION = YES;
				GCC_WARN_UNUSED_VARIABLE = YES;
				IPHONEOS_DEPLOYMENT_TARGET = 11.3;
				MTL_ENABLE_DEBUG_INFO = NO;
				SDKROOT = iphoneos;
				SWIFT_COMPILATION_MODE = wholemodule;
				SWIFT_OPTIMIZATION_LEVEL = "-O";
				VALIDATE_PRODUCT = YES;
			};
			name = Release;
		};
		30F15BBD2081194D00B56BE0 /* Debug */ = {
			isa = XCBuildConfiguration;
			baseConfigurationReference = 034A932AB50BA788AA5989F9 /* Pods-Weather.debug.xcconfig */;
			buildSettings = {
				ASSETCATALOG_COMPILER_APPICON_NAME = AppIcon;
				CODE_SIGN_STYLE = Automatic;
				DEVELOPMENT_TEAM = 52533Z7ZRP;
				INFOPLIST_FILE = Weather/Info.plist;
				IPHONEOS_DEPLOYMENT_TARGET = 11.0;
				LD_RUNPATH_SEARCH_PATHS = (
					"$(inherited)",
					"@executable_path/Frameworks",
				);
				PRODUCT_BUNDLE_IDENTIFIER = com.sheen.Weather;
				PRODUCT_NAME = "$(TARGET_NAME)";
				SWIFT_VERSION = 4.0;
				TARGETED_DEVICE_FAMILY = "1,2";
			};
			name = Debug;
		};
		30F15BBE2081194D00B56BE0 /* Release */ = {
			isa = XCBuildConfiguration;
			baseConfigurationReference = A738ACB9BE7FE529099B00F9 /* Pods-Weather.release.xcconfig */;
			buildSettings = {
				ASSETCATALOG_COMPILER_APPICON_NAME = AppIcon;
				CODE_SIGN_STYLE = Automatic;
				DEVELOPMENT_TEAM = 52533Z7ZRP;
				INFOPLIST_FILE = Weather/Info.plist;
				IPHONEOS_DEPLOYMENT_TARGET = 11.0;
				LD_RUNPATH_SEARCH_PATHS = (
					"$(inherited)",
					"@executable_path/Frameworks",
				);
				PRODUCT_BUNDLE_IDENTIFIER = com.sheen.Weather;
				PRODUCT_NAME = "$(TARGET_NAME)";
				SWIFT_VERSION = 4.0;
				TARGETED_DEVICE_FAMILY = "1,2";
			};
			name = Release;
		};
/* End XCBuildConfiguration section */

/* Begin XCConfigurationList section */
		30F15BA52081194C00B56BE0 /* Build configuration list for PBXProject "Weather" */ = {
			isa = XCConfigurationList;
			buildConfigurations = (
				30F15BBA2081194D00B56BE0 /* Debug */,
				30F15BBB2081194D00B56BE0 /* Release */,
			);
			defaultConfigurationIsVisible = 0;
			defaultConfigurationName = Release;
		};
		30F15BBC2081194D00B56BE0 /* Build configuration list for PBXNativeTarget "Weather" */ = {
			isa = XCConfigurationList;
			buildConfigurations = (
				30F15BBD2081194D00B56BE0 /* Debug */,
				30F15BBE2081194D00B56BE0 /* Release */,
			);
			defaultConfigurationIsVisible = 0;
			defaultConfigurationName = Release;
		};
/* End XCConfigurationList section */
	};
	rootObject = 30F15BA22081194C00B56BE0 /* Project object */;
}
